
Microsoft Visual Studio Solution File, Format Version 12.00
# Visual Studio Version 17
VisualStudioVersion = 17.9.34902.65
MinimumVisualStudioVersion = 10.0.40219.1
Project("{9A19103F-16F7-4668-BE54-9A1E7A4F7556}") = "TradeRepositoryAPI", "TradeRepositoryAPI\TradeRepositoryAPI.csproj", "{263E17C1-9462-4DB2-96F5-900384104D40}"
EndProject
Project("{FAE04EC0-301F-11D3-BF4B-00C04F79EFBC}") = "IbkrTradeRepository.PortalApp", "IbkrTradeRepository.PortalApp\IbkrTradeRepository.PortalApp.csproj", "{9540B3D4-D74E-4129-BFD3-9322437A450A}"
EndProject
Global
	GlobalSection(SolutionConfigurationPlatforms) = preSolution
		Debug|Any CPU = Debug|Any CPU
		Release|Any CPU = Release|Any CPU
	EndGlobalSection
	GlobalSection(ProjectConfigurationPlatforms) = postSolution
		{263E17C1-9462-4DB2-96F5-900384104D40}.Debug|Any CPU.ActiveCfg = Debug|Any CPU
		{263E17C1-9462-4DB2-96F5-900384104D40}.Debug|Any CPU.Build.0 = Debug|Any CPU
		{263E17C1-9462-4DB2-96F5-900384104D40}.Release|Any CPU.ActiveCfg = Release|Any CPU
		{263E17C1-9462-4DB2-96F5-900384104D40}.Release|Any CPU.Build.0 = Release|Any CPU
		{9540B3D4-D74E-4129-BFD3-9322437A450A}.Debug|Any CPU.ActiveCfg = Debug|Any CPU
		{9540B3D4-D74E-4129-BFD3-9322437A450A}.Debug|Any CPU.Build.0 = Debug|Any CPU
		{9540B3D4-D74E-4129-BFD3-9322437A450A}.Release|Any CPU.ActiveCfg = Release|Any CPU
		{9540B3D4-D74E-4129-BFD3-9322437A450A}.Release|Any CPU.Build.0 = Release|Any CPU
	EndGlobalSection
	GlobalSection(SolutionProperties) = preSolution
		HideSolutionNode = FALSE
	EndGlobalSection
	GlobalSection(ExtensibilityGlobals) = postSolution
		SolutionGuid = {4AD94EBA-9400-4954-8197-C8A60B8D6568}
	EndGlobalSection
EndGlobal
